// !$*UTF8*$!
{
	archiveVersion = 1;
	classes = {
	};
	objectVersion = 46;
	objects = {

/* Begin PBXBuildFile section */
		BA0CA7DF1E2B083A00170BCA /* libmodbus.5.dylib in Frameworks */ = {isa = PBXBuildFile; fileRef = BA0CA7DE1E2B083A00170BCA /* libmodbus.5.dylib */; };
		BADFAA021E09900C000B35C9 /* main.c in Sources */ = {isa = PBXBuildFile; fileRef = BADFAA011E09900C000B35C9 /* main.c */; settings = {COMPILER_FLAGS = "-Wall"; }; };
/* End PBXBuildFile section */

/* Begin PBXCopyFilesBuildPhase section */
		BADFA9FC1E09900B000B35C9 /* CopyFiles */ = {
			isa = PBXCopyFilesBuildPhase;
			buildActionMask = 2147483647;
			dstPath = /usr/share/man/man1/;
			dstSubfolderSpec = 0;
			files = (
			);
			runOnlyForDeploymentPostprocessing = 1;
		};
/* End PBXCopyFilesBuildPhase section */

/* Begin PBXFileReference section */
		BA0CA7DE1E2B083A00170BCA /* libmodbus.5.dylib */ = {isa = PBXFileReference; lastKnownFileType = "compiled.mach-o.dylib"; name = libmodbus.5.dylib; path = ../../../../../../../../usr/local/lib/libmodbus.5.dylib; sourceTree = "<group>"; };
		BADFA9FE1E09900C000B35C9 /* modbus_post */ = {isa = PBXFileReference; explicitFileType = "compiled.mach-o.executable"; includeInIndex = 0; path = modbus_post; sourceTree = BUILT_PRODUCTS_DIR; };
		BADFAA011E09900C000B35C9 /* main.c */ = {isa = PBXFileReference; lastKnownFileType = sourcecode.c.c; path = main.c; sourceTree = "<group>"; };
		BADFAA101E0B34EA000B35C9 /* modbus_post.profdata */ = {isa = PBXFileReference; lastKnownFileType = file; path = modbus_post.profdata; sourceTree = "<group>"; };
/* End PBXFileReference section */

/* Begin PBXFrameworksBuildPhase section */
		BADFA9FB1E09900B000B35C9 /* Frameworks */ = {
			isa = PBXFrameworksBuildPhase;
			buildActionMask = 2147483647;
			files = (
				BA0CA7DF1E2B083A00170BCA /* libmodbus.5.dylib in Frameworks */,
			);
			runOnlyForDeploymentPostprocessing = 0;
		};
/* End PBXFrameworksBuildPhase section */

/* Begin PBXGroup section */
		BADFA9F51E09900B000B35C9 = {
			isa = PBXGroup;
			children = (
				BADFAA001E09900C000B35C9 /* modbus_post */,
				BADFA9FF1E09900C000B35C9 /* Products */,
				BADFAA081E0B3314000B35C9 /* Frameworks */,
				BADFAA0F1E0B34EA000B35C9 /* OptimizationProfiles */,
			);
			sourceTree = "<group>";
		};
		BADFA9FF1E09900C000B35C9 /* Products */ = {
			isa = PBXGroup;
			children = (
				BADFA9FE1E09900C000B35C9 /* modbus_post */,
			);
			name = Products;
			sourceTree = "<group>";
		};
		BADFAA001E09900C000B35C9 /* modbus_post */ = {
			isa = PBXGroup;
			children = (
				BADFAA011E09900C000B35C9 /* main.c */,
			);
			path = modbus_post;
			sourceTree = "<group>";
		};
		BADFAA081E0B3314000B35C9 /* Frameworks */ = {
			isa = PBXGroup;
			children = (
				BA0CA7DE1E2B083A00170BCA /* libmodbus.5.dylib */,
			);
			name = Frameworks;
			sourceTree = "<group>";
		};
		BADFAA0F1E0B34EA000B35C9 /* OptimizationProfiles */ = {
			isa = PBXGroup;
			children = (
				BADFAA101E0B34EA000B35C9 /* modbus_post.profdata */,
			);
			path = OptimizationProfiles;
			sourceTree = "<group>";
		};
/* End PBXGroup section */

/* Begin PBXNativeTarget section */
		BADFA9FD1E09900B000B35C9 /* modbus_post */ = {
			isa = PBXNativeTarget;
			buildConfigurationList = BADFAA051E09900C000B35C9 /* Build configuration list for PBXNativeTarget "modbus_post" */;
			buildPhases = (
				BADFA9FA1E09900B000B35C9 /* Sources */,
				BADFA9FB1E09900B000B35C9 /* Frameworks */,
				BADFA9FC1E09900B000B35C9 /* CopyFiles */,
			);
			buildRules = (
			);
			dependencies = (
			);
			name = modbus_post;
			productName = modbus_post;
			productReference = BADFA9FE1E09900C000B35C9 /* modbus_post */;
			productType = "com.apple.product-type.tool";
		};
/* End PBXNativeTarget section */

/* Begin PBXProject section */
		BADFA9F61E09900B000B35C9 /* Project object */ = {
			isa = PBXProject;
			attributes = {
				LastUpgradeCheck = 0820;
				ORGANIZATIONNAME = "Badger Hill Brewing";
				TargetAttributes = {
					BADFA9FD1E09900B000B35C9 = {
						CreatedOnToolsVersion = 8.2;
						DevelopmentTeam = HL245Q5JK4;
						ProvisioningStyle = Automatic;
					};
				};
			};
			buildConfigurationList = BADFA9F91E09900B000B35C9 /* Build configuration list for PBXProject "modbus_post" */;
			compatibilityVersion = "Xcode 3.2";
			developmentRegion = English;
			hasScannedForEncodings = 0;
			knownRegions = (
				en,
			);
			mainGroup = BADFA9F51E09900B000B35C9;
			productRefGroup = BADFA9FF1E09900C000B35C9 /* Products */;
			projectDirPath = "";
			projectRoot = "";
			targets = (
				BADFA9FD1E09900B000B35C9 /* modbus_post */,
			);
		};
/* End PBXProject section */

/* Begin PBXSourcesBuildPhase section */
		BADFA9FA1E09900B000B35C9 /* Sources */ = {
			isa = PBXSourcesBuildPhase;
			buildActionMask = 2147483647;
			files = (
				BADFAA021E09900C000B35C9 /* main.c in Sources */,
			);
			runOnlyForDeploymentPostprocessing = 0;
		};
/* End PBXSourcesBuildPhase section */

/* Begin XCBuildConfiguration section */
		BADFAA031E09900C000B35C9 /* Debug */ = {
			isa = XCBuildConfiguration;
			buildSettings = {
				ALWAYS_SEARCH_USER_PATHS = NO;
				CLANG_ANALYZER_NONNULL = YES;
				CLANG_CXX_LANGUAGE_STANDARD = "gnu++0x";
				CLANG_CXX_LIBRARY = "libc++";
				CLANG_ENABLE_MODULES = YES;
				CLANG_ENABLE_OBJC_ARC = YES;
				CLANG_WARN_BOOL_CONVERSION = YES;
				CLANG_WARN_CONSTANT_CONVERSION = YES;
				CLANG_WARN_DIRECT_OBJC_ISA_USAGE = YES_ERROR;
				CLANG_WARN_DOCUMENTATION_COMMENTS = YES;
				CLANG_WARN_EMPTY_BODY = YES;
				CLANG_WARN_ENUM_CONVERSION = YES;
				CLANG_WARN_INFINITE_RECURSION = YES;
				CLANG_WARN_INT_CONVERSION = YES;
				CLANG_WARN_OBJC_ROOT_CLASS = YES_ERROR;
				CLANG_WARN_SUSPICIOUS_MOVE = YES;
				CLANG_WARN_UNREACHABLE_CODE = YES;
				CLANG_WARN__DUPLICATE_METHOD_MATCH = YES;
				CODE_SIGN_IDENTITY = "-";
				COPY_PHASE_STRIP = NO;
				DEBUG_INFORMATION_FORMAT = dwarf;
				ENABLE_STRICT_OBJC_MSGSEND = YES;
				ENABLE_TESTABILITY = YES;
				GCC_C_LANGUAGE_STANDARD = gnu99;
				GCC_DYNAMIC_NO_PIC = NO;
				GCC_NO_COMMON_BLOCKS = YES;
				GCC_OPTIMIZATION_LEVEL = 0;
				GCC_PREPROCESSOR_DEFINITIONS = (
					"DEBUG=1",
					"$(inherited)",
				);
				GCC_WARN_64_TO_32_BIT_CONVERSION = YES;
				GCC_WARN_ABOUT_RETURN_TYPE = YES_ERROR;
				GCC_WARN_UNDECLARED_SELECTOR = YES;
				GCC_WARN_UNINITIALIZED_AUTOS = YES_AGGRESSIVE;
				GCC_WARN_UNUSED_FUNCTION = YES;
				GCC_WARN_UNUSED_VARIABLE = YES;
				MACOSX_DEPLOYMENT_TARGET = 10.12;
				MTL_ENABLE_DEBUG_INFO = YES;
				ONLY_ACTIVE_ARCH = YES;
				SDKROOT = macosx;
			};
			name = Debug;
		};
		BADFAA041E09900C000B35C9 /* Release */ = {
			isa = XCBuildConfiguration;
			buildSettings = {
				ALWAYS_SEARCH_USER_PATHS = NO;
				CLANG_ANALYZER_NONNULL = YES;
				CLANG_CXX_LANGUAGE_STANDARD = "gnu++0x";
				CLANG_CXX_LIBRARY = "libc++";
				CLANG_ENABLE_MODULES = YES;
				CLANG_ENABLE_OBJC_ARC = YES;
				CLANG_WARN_BOOL_CONVERSION = YES;
				CLANG_WARN_CONSTANT_CONVERSION = YES;
				CLANG_WARN_DIRECT_OBJC_ISA_USAGE = YES_ERROR;
				CLANG_WARN_DOCUMENTATION_COMMENTS = YES;
				CLANG_WARN_EMPTY_BODY = YES;
				CLANG_WARN_ENUM_CONVERSION = YES;
				CLANG_WARN_INFINITE_RECURSION = YES;
				CLANG_WARN_INT_CONVERSION = YES;
				CLANG_WARN_OBJC_ROOT_CLASS = YES_ERROR;
				CLANG_WARN_SUSPICIOUS_MOVE = YES;
				CLANG_WARN_UNREACHABLE_CODE = YES;
				CLANG_WARN__DUPLICATE_METHOD_MATCH = YES;
				CODE_SIGN_IDENTITY = "-";
				COPY_PHASE_STRIP = NO;
				DEBUG_INFORMATION_FORMAT = "dwarf-with-dsym";
				ENABLE_NS_ASSERTIONS = NO;
				ENABLE_STRICT_OBJC_MSGSEND = YES;
				GCC_C_LANGUAGE_STANDARD = gnu99;
				GCC_NO_COMMON_BLOCKS = YES;
				GCC_WARN_64_TO_32_BIT_CONVERSION = YES;
				GCC_WARN_ABOUT_RETURN_TYPE = YES_ERROR;
				GCC_WARN_UNDECLARED_SELECTOR = YES;
				GCC_WARN_UNINITIALIZED_AUTOS = YES_AGGRESSIVE;
				GCC_WARN_UNUSED_FUNCTION = YES;
				GCC_WARN_UNUSED_VARIABLE = YES;
				MACOSX_DEPLOYMENT_TARGET = 10.12;
				MTL_ENABLE_DEBUG_INFO = NO;
				SDKROOT = macosx;
			};
			name = Release;
		};
		BADFAA061E09900C000B35C9 /* Debug */ = {
			isa = XCBuildConfiguration;
			buildSettings = {
				CLANG_USE_OPTIMIZATION_PROFILE = YES;
				CURRENT_PROJECT_VERSION = 0.1;
				DEVELOPMENT_TEAM = HL245Q5JK4;
				HEADER_SEARCH_PATHS = /usr/local/include;
				"LIBRARY_SEARCH_PATHS[arch=*]" = /usr/local/lib;
				MACOSX_DEPLOYMENT_TARGET = 10.7;
				ONLY_ACTIVE_ARCH = YES;
				OTHER_LIBTOOLFLAGS = "-L/usr/local/lib -I/usr/local/include -lmodbus";
				PRODUCT_NAME = "$(TARGET_NAME)";
				SCAN_ALL_SOURCE_FILES_FOR_INCLUDES = YES;
				VALID_ARCHS = x86_64;
			};
			name = Debug;
		};
		BADFAA071E09900C000B35C9 /* Release */ = {
			isa = XCBuildConfiguration;
			buildSettings = {
				CLANG_USE_OPTIMIZATION_PROFILE = YES;
				CURRENT_PROJECT_VERSION = 0.1;
				DEVELOPMENT_TEAM = HL245Q5JK4;
				HEADER_SEARCH_PATHS = /usr/local/include;
				"LIBRARY_SEARCH_PATHS[arch=*]" = /usr/local/lib;
				MACOSX_DEPLOYMENT_TARGET = 10.7;
				ONLY_ACTIVE_ARCH = YES;
				OTHER_LIBTOOLFLAGS = "-L/usr/local/lib -I/usr/local/include -lmodbus";
				PRODUCT_NAME = "$(TARGET_NAME)";
				SCAN_ALL_SOURCE_FILES_FOR_INCLUDES = YES;
				VALID_ARCHS = x86_64;
			};
			name = Release;
		};
/* End XCBuildConfiguration section */

/* Begin XCConfigurationList section */
		BADFA9F91E09900B000B35C9 /* Build configuration list for PBXProject "modbus_post" */ = {
			isa = XCConfigurationList;
			buildConfigurations = (
				BADFAA031E09900C000B35C9 /* Debug */,
				BADFAA041E09900C000B35C9 /* Release */,
			);
			defaultConfigurationIsVisible = 0;
			defaultConfigurationName = Release;
		};
		BADFAA051E09900C000B35C9 /* Build configuration list for PBXNativeTarget "modbus_post" */ = {
			isa = XCConfigurationList;
			buildConfigurations = (
				BADFAA061E09900C000B35C9 /* Debug */,
				BADFAA071E09900C000B35C9 /* Release */,
			);
			defaultConfigurationIsVisible = 0;
			defaultConfigurationName = Release;
		};
/* End XCConfigurationList section */
	};
	rootObject = BADFA9F61E09900B000B35C9 /* Project object */;
}
