// !$*UTF8*$!
{
	archiveVersion = 1;
	classes = {
	};
	objectVersion = 46;
	objects = {

/* Begin PBXBuildFile section */
		BA0CA7DF1E2B083A00170BCA /* libmodbus.5.dylib in Frameworks */ = {isa = PBXBuildFile; fileRef = BA0CA7DE1E2B083A00170BCA /* libmodbus.5.dylib */; };
		BA278DD41E533B1200C23187 /* mreadfile.c in Sources */ = {isa = PBXBuildFile; fileRef = BA278DD31E533B1200C23187 /* mreadfile.c */; };
		BA740BAD1E505C0D008549C2 /* main.c in Sources */ = {isa = PBXBuildFile; fileRef = BA740BAC1E505C0D008549C2 /* main.c */; };
		BA740BB31E505C7B008549C2 /* sql.c in Sources */ = {isa = PBXBuildFile; fileRef = BA740BB11E505C7B008549C2 /* sql.c */; };
		BA740BB41E505C7B008549C2 /* sql.c in Sources */ = {isa = PBXBuildFile; fileRef = BA740BB11E505C7B008549C2 /* sql.c */; };
		BAD171F51E3D1939008A7CBE /* libsqlite3.0.tbd in Frameworks */ = {isa = PBXBuildFile; fileRef = BAD171F31E3D1939008A7CBE /* libsqlite3.0.tbd */; };
		BAD171F61E3D1939008A7CBE /* libsqlite3.tbd in Frameworks */ = {isa = PBXBuildFile; fileRef = BAD171F41E3D1939008A7CBE /* libsqlite3.tbd */; };
		BADFAA021E09900C000B35C9 /* main.c in Sources */ = {isa = PBXBuildFile; fileRef = BADFAA011E09900C000B35C9 /* main.c */; settings = {COMPILER_FLAGS = "-Wall"; }; };
/* End PBXBuildFile section */

/* Begin PBXCopyFilesBuildPhase section */
		BA740BA81E505C0D008549C2 /* CopyFiles */ = {
			isa = PBXCopyFilesBuildPhase;
			buildActionMask = 2147483647;
			dstPath = /usr/share/man/man1/;
			dstSubfolderSpec = 0;
			files = (
			);
			runOnlyForDeploymentPostprocessing = 1;
		};
		BADFA9FC1E09900B000B35C9 /* CopyFiles */ = {
			isa = PBXCopyFilesBuildPhase;
			buildActionMask = 2147483647;
			dstPath = /usr/share/man/man1/;
			dstSubfolderSpec = 0;
			files = (
			);
			runOnlyForDeploymentPostprocessing = 1;
		};
/* End PBXCopyFilesBuildPhase section */

/* Begin PBXFileReference section */
		BA0CA7DE1E2B083A00170BCA /* libmodbus.5.dylib */ = {isa = PBXFileReference; lastKnownFileType = "compiled.mach-o.dylib"; name = libmodbus.5.dylib; path = ../../../../../../../../usr/local/lib/libmodbus.5.dylib; sourceTree = "<group>"; };
		BA278DD31E533B1200C23187 /* mreadfile.c */ = {isa = PBXFileReference; fileEncoding = 4; lastKnownFileType = sourcecode.c.c; path = mreadfile.c; sourceTree = "<group>"; };
		BA740BA41E504C14008549C2 /* mreadfile.h */ = {isa = PBXFileReference; fileEncoding = 4; lastKnownFileType = sourcecode.c.h; path = mreadfile.h; sourceTree = "<group>"; };
		BA740BA51E505488008549C2 /* main.h */ = {isa = PBXFileReference; fileEncoding = 4; lastKnownFileType = sourcecode.c.h; path = main.h; sourceTree = "<group>"; };
		BA740BAA1E505C0D008549C2 /* modbus_dump */ = {isa = PBXFileReference; explicitFileType = "compiled.mach-o.executable"; includeInIndex = 0; path = modbus_dump; sourceTree = BUILT_PRODUCTS_DIR; };
		BA740BAC1E505C0D008549C2 /* main.c */ = {isa = PBXFileReference; lastKnownFileType = sourcecode.c.c; path = main.c; sourceTree = "<group>"; };
		BA740BB11E505C7B008549C2 /* sql.c */ = {isa = PBXFileReference; fileEncoding = 4; lastKnownFileType = sourcecode.c.c; path = sql.c; sourceTree = SOURCE_ROOT; };
		BA740BB21E505C7B008549C2 /* sql.h */ = {isa = PBXFileReference; fileEncoding = 4; lastKnownFileType = sourcecode.c.h; path = sql.h; sourceTree = SOURCE_ROOT; };
		BAD171F31E3D1939008A7CBE /* libsqlite3.0.tbd */ = {isa = PBXFileReference; lastKnownFileType = "sourcecode.text-based-dylib-definition"; name = libsqlite3.0.tbd; path = usr/lib/libsqlite3.0.tbd; sourceTree = SDKROOT; };
		BAD171F41E3D1939008A7CBE /* libsqlite3.tbd */ = {isa = PBXFileReference; lastKnownFileType = "sourcecode.text-based-dylib-definition"; name = libsqlite3.tbd; path = usr/lib/libsqlite3.tbd; sourceTree = SDKROOT; };
		BAD9E2F81E5E414500FF07C7 /* com.badgerhllbrewing.modbus_post.plist */ = {isa = PBXFileReference; lastKnownFileType = text.plist.xml; path = com.badgerhllbrewing.modbus_post.plist; sourceTree = "<group>"; };
		BAD9E2F91E5E414500FF07C7 /* run_modbus.tcsh */ = {isa = PBXFileReference; lastKnownFileType = text.script.csh; path = run_modbus.tcsh; sourceTree = "<group>"; };
		BADFA9FE1E09900C000B35C9 /* modbus_post */ = {isa = PBXFileReference; explicitFileType = "compiled.mach-o.executable"; includeInIndex = 0; path = modbus_post; sourceTree = BUILT_PRODUCTS_DIR; };
		BADFAA011E09900C000B35C9 /* main.c */ = {isa = PBXFileReference; lastKnownFileType = sourcecode.c.c; path = main.c; sourceTree = "<group>"; };
		BADFAA101E0B34EA000B35C9 /* modbus_post.profdata */ = {isa = PBXFileReference; lastKnownFileType = file; path = modbus_post.profdata; sourceTree = "<group>"; };
/* End PBXFileReference section */

/* Begin PBXFrameworksBuildPhase section */
		BA740BA71E505C0D008549C2 /* Frameworks */ = {
			isa = PBXFrameworksBuildPhase;
			buildActionMask = 2147483647;
			files = (
			);
			runOnlyForDeploymentPostprocessing = 0;
		};
		BADFA9FB1E09900B000B35C9 /* Frameworks */ = {
			isa = PBXFrameworksBuildPhase;
			buildActionMask = 2147483647;
			files = (
				BAD171F51E3D1939008A7CBE /* libsqlite3.0.tbd in Frameworks */,
				BAD171F61E3D1939008A7CBE /* libsqlite3.tbd in Frameworks */,
				BA0CA7DF1E2B083A00170BCA /* libmodbus.5.dylib in Frameworks */,
			);
			runOnlyForDeploymentPostprocessing = 0;
		};
/* End PBXFrameworksBuildPhase section */

/* Begin PBXGroup section */
		BA740BAB1E505C0D008549C2 /* modbus_dump */ = {
			isa = PBXGroup;
			children = (
				BA740BAC1E505C0D008549C2 /* main.c */,
			);
			path = modbus_dump;
			sourceTree = "<group>";
		};
		BA740BB51E505C82008549C2 /* Shared */ = {
			isa = PBXGroup;
			children = (
				BA278DD31E533B1200C23187 /* mreadfile.c */,
				BA740BA41E504C14008549C2 /* mreadfile.h */,
				BA740BB11E505C7B008549C2 /* sql.c */,
				BA740BB21E505C7B008549C2 /* sql.h */,
			);
			name = Shared;
			path = modbus_post;
			sourceTree = "<group>";
		};
		BAD9E2F51E5E40F600FF07C7 /* Tools */ = {
			isa = PBXGroup;
			children = (
				BAD9E2F81E5E414500FF07C7 /* com.badgerhllbrewing.modbus_post.plist */,
				BAD9E2F91E5E414500FF07C7 /* run_modbus.tcsh */,
			);
			name = Tools;
			sourceTree = "<group>";
		};
		BADFA9F51E09900B000B35C9 = {
			isa = PBXGroup;
			children = (
				BAD9E2F51E5E40F600FF07C7 /* Tools */,
				BA740BB51E505C82008549C2 /* Shared */,
				BADFAA001E09900C000B35C9 /* modbus_post */,
				BA740BAB1E505C0D008549C2 /* modbus_dump */,
				BADFA9FF1E09900C000B35C9 /* Products */,
				BADFAA081E0B3314000B35C9 /* Frameworks */,
				BADFAA0F1E0B34EA000B35C9 /* OptimizationProfiles */,
			);
			sourceTree = "<group>";
		};
		BADFA9FF1E09900C000B35C9 /* Products */ = {
			isa = PBXGroup;
			children = (
				BADFA9FE1E09900C000B35C9 /* modbus_post */,
				BA740BAA1E505C0D008549C2 /* modbus_dump */,
			);
			name = Products;
			sourceTree = "<group>";
		};
		BADFAA001E09900C000B35C9 /* modbus_post */ = {
			isa = PBXGroup;
			children = (
				BADFAA011E09900C000B35C9 /* main.c */,
				BA740BA51E505488008549C2 /* main.h */,
			);
			path = modbus_post;
			sourceTree = "<group>";
		};
		BADFAA081E0B3314000B35C9 /* Frameworks */ = {
			isa = PBXGroup;
			children = (
				BAD171F31E3D1939008A7CBE /* libsqlite3.0.tbd */,
				BAD171F41E3D1939008A7CBE /* libsqlite3.tbd */,
				BA0CA7DE1E2B083A00170BCA /* libmodbus.5.dylib */,
			);
			name = Frameworks;
			sourceTree = "<group>";
		};
		BADFAA0F1E0B34EA000B35C9 /* OptimizationProfiles */ = {
			isa = PBXGroup;
			children = (
				BADFAA101E0B34EA000B35C9 /* modbus_post.profdata */,
			);
			path = OptimizationProfiles;
			sourceTree = "<group>";
		};
/* End PBXGroup section */

/* Begin PBXNativeTarget section */
		BA740BA91E505C0D008549C2 /* modbus_dump */ = {
			isa = PBXNativeTarget;
			buildConfigurationList = BA740BAE1E505C0D008549C2 /* Build configuration list for PBXNativeTarget "modbus_dump" */;
			buildPhases = (
				BA740BA61E505C0D008549C2 /* Sources */,
				BA740BA71E505C0D008549C2 /* Frameworks */,
				BA740BA81E505C0D008549C2 /* CopyFiles */,
			);
			buildRules = (
			);
			dependencies = (
			);
			name = modbus_dump;
			productName = modbus_dump;
			productReference = BA740BAA1E505C0D008549C2 /* modbus_dump */;
			productType = "com.apple.product-type.tool";
		};
		BADFA9FD1E09900B000B35C9 /* modbus_post */ = {
			isa = PBXNativeTarget;
			buildConfigurationList = BADFAA051E09900C000B35C9 /* Build configuration list for PBXNativeTarget "modbus_post" */;
			buildPhases = (
				BADFA9FA1E09900B000B35C9 /* Sources */,
				BADFA9FB1E09900B000B35C9 /* Frameworks */,
				BADFA9FC1E09900B000B35C9 /* CopyFiles */,
			);
			buildRules = (
			);
			dependencies = (
			);
			name = modbus_post;
			productName = modbus_post;
			productReference = BADFA9FE1E09900C000B35C9 /* modbus_post */;
			productType = "com.apple.product-type.tool";
		};
/* End PBXNativeTarget section */

/* Begin PBXProject section */
		BADFA9F61E09900B000B35C9 /* Project object */ = {
			isa = PBXProject;
			attributes = {
				LastUpgradeCheck = 0820;
				ORGANIZATIONNAME = "Badger Hill Brewing";
				TargetAttributes = {
					BA740BA91E505C0D008549C2 = {
						CreatedOnToolsVersion = 8.2.1;
						DevelopmentTeam = HL245Q5JK4;
						ProvisioningStyle = Automatic;
					};
					BADFA9FD1E09900B000B35C9 = {
						CreatedOnToolsVersion = 8.2;
						DevelopmentTeam = HL245Q5JK4;
						ProvisioningStyle = Automatic;
					};
				};
			};
			buildConfigurationList = BADFA9F91E09900B000B35C9 /* Build configuration list for PBXProject "modbus_post" */;
			compatibilityVersion = "Xcode 3.2";
			developmentRegion = English;
			hasScannedForEncodings = 0;
			knownRegions = (
				en,
			);
			mainGroup = BADFA9F51E09900B000B35C9;
			productRefGroup = BADFA9FF1E09900C000B35C9 /* Products */;
			projectDirPath = "";
			projectRoot = "";
			targets = (
				BADFA9FD1E09900B000B35C9 /* modbus_post */,
				BA740BA91E505C0D008549C2 /* modbus_dump */,
			);
		};
/* End PBXProject section */

/* Begin PBXSourcesBuildPhase section */
		BA740BA61E505C0D008549C2 /* Sources */ = {
			isa = PBXSourcesBuildPhase;
			buildActionMask = 2147483647;
			files = (
				BA740BB41E505C7B008549C2 /* sql.c in Sources */,
				BA740BAD1E505C0D008549C2 /* main.c in Sources */,
			);
			runOnlyForDeploymentPostprocessing = 0;
		};
		BADFA9FA1E09900B000B35C9 /* Sources */ = {
			isa = PBXSourcesBuildPhase;
			buildActionMask = 2147483647;
			files = (
				BA740BB31E505C7B008549C2 /* sql.c in Sources */,
				BA278DD41E533B1200C23187 /* mreadfile.c in Sources */,
				BADFAA021E09900C000B35C9 /* main.c in Sources */,
			);
			runOnlyForDeploymentPostprocessing = 0;
		};
/* End PBXSourcesBuildPhase section */

/* Begin XCBuildConfiguration section */
		BA740BAF1E505C0D008549C2 /* Debug */ = {
			isa = XCBuildConfiguration;
			buildSettings = {
				DEVELOPMENT_TEAM = HL245Q5JK4;
				PRODUCT_NAME = "$(TARGET_NAME)";
			};
			name = Debug;
		};
		BA740BB01E505C0D008549C2 /* Release */ = {
			isa = XCBuildConfiguration;
			buildSettings = {
				DEVELOPMENT_TEAM = HL245Q5JK4;
				PRODUCT_NAME = "$(TARGET_NAME)";
			};
			name = Release;
		};
		BADFAA031E09900C000B35C9 /* Debug */ = {
			isa = XCBuildConfiguration;
			buildSettings = {
				ALWAYS_SEARCH_USER_PATHS = NO;
				CLANG_ANALYZER_NONNULL = YES;
				CLANG_CXX_LANGUAGE_STANDARD = "gnu++0x";
				CLANG_CXX_LIBRARY = "libc++";
				CLANG_ENABLE_MODULES = YES;
				CLANG_ENABLE_OBJC_ARC = YES;
				CLANG_WARN_BOOL_CONVERSION = YES;
				CLANG_WARN_CONSTANT_CONVERSION = YES;
				CLANG_WARN_DIRECT_OBJC_ISA_USAGE = YES_ERROR;
				CLANG_WARN_DOCUMENTATION_COMMENTS = YES;
				CLANG_WARN_EMPTY_BODY = YES;
				CLANG_WARN_ENUM_CONVERSION = YES;
				CLANG_WARN_INFINITE_RECURSION = YES;
				CLANG_WARN_INT_CONVERSION = YES;
				CLANG_WARN_OBJC_ROOT_CLASS = YES_ERROR;
				CLANG_WARN_SUSPICIOUS_MOVE = YES;
				CLANG_WARN_UNREACHABLE_CODE = YES;
				CLANG_WARN__DUPLICATE_METHOD_MATCH = YES;
				CODE_SIGN_IDENTITY = "-";
				COPY_PHASE_STRIP = NO;
				DEBUG_INFORMATION_FORMAT = dwarf;
				ENABLE_STRICT_OBJC_MSGSEND = YES;
				ENABLE_TESTABILITY = YES;
				GCC_C_LANGUAGE_STANDARD = gnu99;
				GCC_DYNAMIC_NO_PIC = NO;
				GCC_NO_COMMON_BLOCKS = YES;
				GCC_OPTIMIZATION_LEVEL = 0;
				GCC_PREPROCESSOR_DEFINITIONS = (
					"DEBUG=1",
					"$(inherited)",
				);
				GCC_WARN_64_TO_32_BIT_CONVERSION = YES;
				GCC_WARN_ABOUT_RETURN_TYPE = YES_ERROR;
				GCC_WARN_UNDECLARED_SELECTOR = YES;
				GCC_WARN_UNINITIALIZED_AUTOS = YES_AGGRESSIVE;
				GCC_WARN_UNUSED_FUNCTION = YES;
				GCC_WARN_UNUSED_VARIABLE = YES;
				MACOSX_DEPLOYMENT_TARGET = 10.12;
				MTL_ENABLE_DEBUG_INFO = YES;
				ONLY_ACTIVE_ARCH = YES;
				SDKROOT = macosx;
			};
			name = Debug;
		};
		BADFAA041E09900C000B35C9 /* Release */ = {
			isa = XCBuildConfiguration;
			buildSettings = {
				ALWAYS_SEARCH_USER_PATHS = NO;
				CLANG_ANALYZER_NONNULL = YES;
				CLANG_CXX_LANGUAGE_STANDARD = "gnu++0x";
				CLANG_CXX_LIBRARY = "libc++";
				CLANG_ENABLE_MODULES = YES;
				CLANG_ENABLE_OBJC_ARC = YES;
				CLANG_WARN_BOOL_CONVERSION = YES;
				CLANG_WARN_CONSTANT_CONVERSION = YES;
				CLANG_WARN_DIRECT_OBJC_ISA_USAGE = YES_ERROR;
				CLANG_WARN_DOCUMENTATION_COMMENTS = YES;
				CLANG_WARN_EMPTY_BODY = YES;
				CLANG_WARN_ENUM_CONVERSION = YES;
				CLANG_WARN_INFINITE_RECURSION = YES;
				CLANG_WARN_INT_CONVERSION = YES;
				CLANG_WARN_OBJC_ROOT_CLASS = YES_ERROR;
				CLANG_WARN_SUSPICIOUS_MOVE = YES;
				CLANG_WARN_UNREACHABLE_CODE = YES;
				CLANG_WARN__DUPLICATE_METHOD_MATCH = YES;
				CODE_SIGN_IDENTITY = "-";
				COPY_PHASE_STRIP = NO;
				DEBUG_INFORMATION_FORMAT = "dwarf-with-dsym";
				ENABLE_NS_ASSERTIONS = NO;
				ENABLE_STRICT_OBJC_MSGSEND = YES;
				GCC_C_LANGUAGE_STANDARD = gnu99;
				GCC_NO_COMMON_BLOCKS = YES;
				GCC_WARN_64_TO_32_BIT_CONVERSION = YES;
				GCC_WARN_ABOUT_RETURN_TYPE = YES_ERROR;
				GCC_WARN_UNDECLARED_SELECTOR = YES;
				GCC_WARN_UNINITIALIZED_AUTOS = YES_AGGRESSIVE;
				GCC_WARN_UNUSED_FUNCTION = YES;
				GCC_WARN_UNUSED_VARIABLE = YES;
				MACOSX_DEPLOYMENT_TARGET = 10.12;
				MTL_ENABLE_DEBUG_INFO = NO;
				SDKROOT = macosx;
			};
			name = Release;
		};
		BADFAA061E09900C000B35C9 /* Debug */ = {
			isa = XCBuildConfiguration;
			buildSettings = {
				CLANG_USE_OPTIMIZATION_PROFILE = YES;
				CODE_SIGN_IDENTITY = "Mac Developer";
				CURRENT_PROJECT_VERSION = 0.1;
				DEVELOPMENT_TEAM = HL245Q5JK4;
				HEADER_SEARCH_PATHS = /usr/local/include;
				"LIBRARY_SEARCH_PATHS[arch=*]" = /usr/local/lib;
				MACOSX_DEPLOYMENT_TARGET = 10.8;
				ONLY_ACTIVE_ARCH = YES;
				OTHER_LIBTOOLFLAGS = "-L/usr/local/lib -I/usr/local/include -lmodbus";
				PRODUCT_NAME = "$(TARGET_NAME)";
				SCAN_ALL_SOURCE_FILES_FOR_INCLUDES = YES;
				VALID_ARCHS = x86_64;
			};
			name = Debug;
		};
		BADFAA071E09900C000B35C9 /* Release */ = {
			isa = XCBuildConfiguration;
			buildSettings = {
				CLANG_USE_OPTIMIZATION_PROFILE = YES;
				CODE_SIGN_IDENTITY = "Mac Developer";
				CURRENT_PROJECT_VERSION = 0.1;
				DEVELOPMENT_TEAM = HL245Q5JK4;
				HEADER_SEARCH_PATHS = /usr/local/include;
				"LIBRARY_SEARCH_PATHS[arch=*]" = /usr/local/lib;
				MACOSX_DEPLOYMENT_TARGET = 10.8;
				ONLY_ACTIVE_ARCH = YES;
				OTHER_LIBTOOLFLAGS = "-L/usr/local/lib -I/usr/local/include -lmodbus";
				PRODUCT_NAME = "$(TARGET_NAME)";
				SCAN_ALL_SOURCE_FILES_FOR_INCLUDES = YES;
				VALID_ARCHS = x86_64;
			};
			name = Release;
		};
/* End XCBuildConfiguration section */

/* Begin XCConfigurationList section */
		BA740BAE1E505C0D008549C2 /* Build configuration list for PBXNativeTarget "modbus_dump" */ = {
			isa = XCConfigurationList;
			buildConfigurations = (
				BA740BAF1E505C0D008549C2 /* Debug */,
				BA740BB01E505C0D008549C2 /* Release */,
			);
			defaultConfigurationIsVisible = 0;
			defaultConfigurationName = Release;
		};
		BADFA9F91E09900B000B35C9 /* Build configuration list for PBXProject "modbus_post" */ = {
			isa = XCConfigurationList;
			buildConfigurations = (
				BADFAA031E09900C000B35C9 /* Debug */,
				BADFAA041E09900C000B35C9 /* Release */,
			);
			defaultConfigurationIsVisible = 0;
			defaultConfigurationName = Release;
		};
		BADFAA051E09900C000B35C9 /* Build configuration list for PBXNativeTarget "modbus_post" */ = {
			isa = XCConfigurationList;
			buildConfigurations = (
				BADFAA061E09900C000B35C9 /* Debug */,
				BADFAA071E09900C000B35C9 /* Release */,
			);
			defaultConfigurationIsVisible = 0;
			defaultConfigurationName = Release;
		};
/* End XCConfigurationList section */
	};
	rootObject = BADFA9F61E09900B000B35C9 /* Project object */;
}
